
Microsoft Visual Studio Solution File, Format Version 11.00
# Visual Studio 2010
Project("{FAE04EC0-301F-11D3-BF4B-00C04F79EFBC}") = "CRMWrapperService", "CRMWrapperService.csproj", "{F3EB7A70-0DBB-4FC5-A119-A528BCECDDAE}"
EndProject
Global
	GlobalSection(SolutionConfigurationPlatforms) = preSolution
		Debug|Any CPU = Debug|Any CPU
		Debug|Mixed Platforms = Debug|Mixed Platforms
		Debug|x86 = Debug|x86
		Release|Any CPU = Release|Any CPU
		Release|Mixed Platforms = Release|Mixed Platforms
		Release|x86 = Release|x86
	EndGlobalSection
	GlobalSection(ProjectConfigurationPlatforms) = postSolution
		{F3EB7A70-0DBB-4FC5-A119-A528BCECDDAE}.Debug|Any CPU.ActiveCfg = Debug|Any CPU
		{F3EB7A70-0DBB-4FC5-A119-A528BCECDDAE}.Debug|Any CPU.Build.0 = Debug|Any CPU
		{F3EB7A70-0DBB-4FC5-A119-A528BCECDDAE}.Debug|Mixed Platforms.ActiveCfg = Debug|Any CPU
		{F3EB7A70-0DBB-4FC5-A119-A528BCECDDAE}.Debug|Mixed Platforms.Build.0 = Debug|Any CPU
		{F3EB7A70-0DBB-4FC5-A119-A528BCECDDAE}.Debug|x86.ActiveCfg = Debug|Any CPU
		{F3EB7A70-0DBB-4FC5-A119-A528BCECDDAE}.Release|Any CPU.ActiveCfg = Release|Any CPU
		{F3EB7A70-0DBB-4FC5-A119-A528BCECDDAE}.Release|Any CPU.Build.0 = Release|Any CPU
		{F3EB7A70-0DBB-4FC5-A119-A528BCECDDAE}.Release|Mixed Platforms.ActiveCfg = Release|Any CPU
		{F3EB7A70-0DBB-4FC5-A119-A528BCECDDAE}.Release|Mixed Platforms.Build.0 = Release|Any CPU
		{F3EB7A70-0DBB-4FC5-A119-A528BCECDDAE}.Release|x86.ActiveCfg = Release|Any CPU
	EndGlobalSection
	GlobalSection(SolutionProperties) = preSolution
		HideSolutionNode = FALSE
	EndGlobalSection
EndGlobal
